{
    "_meta": {
        "hash": {
            "sha256": "5a1e487a2139dadf72b3ff1f4281c6956fb9ae98bd9f27d2bf05960661d0f584"
        },
        "pipfile-spec": 6,
        "requires": {
            "python_version": "3.11"
        },
        "sources": [
            {
                "name": "pypi",
                "url": "https://pypi.org/simple",
                "verify_ssl": true
            }
        ]
    },
    "default": {},
    "develop": {}
}
